
Microsoft Visual Studio Solution File, Format Version 12.00
# Visual Studio Version 16
VisualStudioVersion = 16.0.29215.179
MinimumVisualStudioVersion = 10.0.40219.1
Project("{FAE04EC0-301F-11D3-BF4B-00C04F79EFBC}") = "Jang Do An", "Jang Do An\Jang Do An.csproj", "{4F1D9AE7-EC27-480B-8C8F-CC44370D440D}"
EndProject
Global
	GlobalSection(SolutionConfigurationPlatforms) = preSolution
		Debug|Any CPU = Debug|Any CPU
		Release|Any CPU = Release|Any CPU
	EndGlobalSection
	GlobalSection(ProjectConfigurationPlatforms) = postSolution
		{4F1D9AE7-EC27-480B-8C8F-CC44370D440D}.Debug|Any CPU.ActiveCfg = Debug|Any CPU
		{4F1D9AE7-EC27-480B-8C8F-CC44370D440D}.Debug|Any CPU.Build.0 = Debug|Any CPU
		{4F1D9AE7-EC27-480B-8C8F-CC44370D440D}.Release|Any CPU.ActiveCfg = Release|Any CPU
		{4F1D9AE7-EC27-480B-8C8F-CC44370D440D}.Release|Any CPU.Build.0 = Release|Any CPU
	EndGlobalSection
	GlobalSection(SolutionProperties) = preSolution
		HideSolutionNode = FALSE
	EndGlobalSection
	GlobalSection(ExtensibilityGlobals) = postSolution
		SolutionGuid = {E98A23DA-984F-4737-BB53-941CB8B178AC}
	EndGlobalSection
EndGlobal
